
Microsoft Visual Studio Solution File, Format Version 12.00
# Visual Studio Version 16
VisualStudioVersion = 16.0.29306.81
MinimumVisualStudioVersion = 10.0.40219.1
Project("{FAE04EC0-301F-11D3-BF4B-00C04F79EFBC}") = "Easy Search.Android", "Easy Search.Android\Easy Search.Android.csproj", "{B410B351-78D5-4A47-91B6-4127BD07F38F}"
EndProject
Project("{9A19103F-16F7-4668-BE54-9A1E7A4F7556}") = "Easy Search", "Easy Search\Easy Search.csproj", "{8F90F1D8-CB61-4382-93AC-5856A38279F2}"
EndProject
Global
	GlobalSection(SolutionConfigurationPlatforms) = preSolution
		Debug|Any CPU = Debug|Any CPU
		Debug|iPhone = Debug|iPhone
		Debug|iPhoneSimulator = Debug|iPhoneSimulator
		Release|Any CPU = Release|Any CPU
		Release|iPhone = Release|iPhone
		Release|iPhoneSimulator = Release|iPhoneSimulator
	EndGlobalSection
	GlobalSection(ProjectConfigurationPlatforms) = postSolution
		{B410B351-78D5-4A47-91B6-4127BD07F38F}.Debug|Any CPU.ActiveCfg = Debug|Any CPU
		{B410B351-78D5-4A47-91B6-4127BD07F38F}.Debug|Any CPU.Build.0 = Debug|Any CPU
		{B410B351-78D5-4A47-91B6-4127BD07F38F}.Debug|Any CPU.Deploy.0 = Debug|Any CPU
		{B410B351-78D5-4A47-91B6-4127BD07F38F}.Debug|iPhone.ActiveCfg = Debug|Any CPU
		{B410B351-78D5-4A47-91B6-4127BD07F38F}.Debug|iPhone.Build.0 = Debug|Any CPU
		{B410B351-78D5-4A47-91B6-4127BD07F38F}.Debug|iPhone.Deploy.0 = Debug|Any CPU
		{B410B351-78D5-4A47-91B6-4127BD07F38F}.Debug|iPhoneSimulator.ActiveCfg = Debug|Any CPU
		{B410B351-78D5-4A47-91B6-4127BD07F38F}.Debug|iPhoneSimulator.Build.0 = Debug|Any CPU
		{B410B351-78D5-4A47-91B6-4127BD07F38F}.Debug|iPhoneSimulator.Deploy.0 = Debug|Any CPU
		{B410B351-78D5-4A47-91B6-4127BD07F38F}.Release|Any CPU.ActiveCfg = Release|Any CPU
		{B410B351-78D5-4A47-91B6-4127BD07F38F}.Release|Any CPU.Build.0 = Release|Any CPU
		{B410B351-78D5-4A47-91B6-4127BD07F38F}.Release|Any CPU.Deploy.0 = Release|Any CPU
		{B410B351-78D5-4A47-91B6-4127BD07F38F}.Release|iPhone.ActiveCfg = Release|Any CPU
		{B410B351-78D5-4A47-91B6-4127BD07F38F}.Release|iPhone.Build.0 = Release|Any CPU
		{B410B351-78D5-4A47-91B6-4127BD07F38F}.Release|iPhone.Deploy.0 = Release|Any CPU
		{B410B351-78D5-4A47-91B6-4127BD07F38F}.Release|iPhoneSimulator.ActiveCfg = Release|Any CPU
		{B410B351-78D5-4A47-91B6-4127BD07F38F}.Release|iPhoneSimulator.Build.0 = Release|Any CPU
		{B410B351-78D5-4A47-91B6-4127BD07F38F}.Release|iPhoneSimulator.Deploy.0 = Release|Any CPU
		{8F90F1D8-CB61-4382-93AC-5856A38279F2}.Debug|Any CPU.ActiveCfg = Debug|Any CPU
		{8F90F1D8-CB61-4382-93AC-5856A38279F2}.Debug|Any CPU.Build.0 = Debug|Any CPU
		{8F90F1D8-CB61-4382-93AC-5856A38279F2}.Debug|Any CPU.Deploy.0 = Debug|Any CPU
		{8F90F1D8-CB61-4382-93AC-5856A38279F2}.Debug|iPhone.ActiveCfg = Debug|Any CPU
		{8F90F1D8-CB61-4382-93AC-5856A38279F2}.Debug|iPhone.Build.0 = Debug|Any CPU
		{8F90F1D8-CB61-4382-93AC-5856A38279F2}.Debug|iPhone.Deploy.0 = Debug|Any CPU
		{8F90F1D8-CB61-4382-93AC-5856A38279F2}.Debug|iPhoneSimulator.ActiveCfg = Debug|Any CPU
		{8F90F1D8-CB61-4382-93AC-5856A38279F2}.Debug|iPhoneSimulator.Build.0 = Debug|Any CPU
		{8F90F1D8-CB61-4382-93AC-5856A38279F2}.Debug|iPhoneSimulator.Deploy.0 = Debug|Any CPU
		{8F90F1D8-CB61-4382-93AC-5856A38279F2}.Release|Any CPU.ActiveCfg = Release|Any CPU
		{8F90F1D8-CB61-4382-93AC-5856A38279F2}.Release|Any CPU.Build.0 = Release|Any CPU
		{8F90F1D8-CB61-4382-93AC-5856A38279F2}.Release|Any CPU.Deploy.0 = Release|Any CPU
		{8F90F1D8-CB61-4382-93AC-5856A38279F2}.Release|iPhone.ActiveCfg = Release|Any CPU
		{8F90F1D8-CB61-4382-93AC-5856A38279F2}.Release|iPhone.Build.0 = Release|Any CPU
		{8F90F1D8-CB61-4382-93AC-5856A38279F2}.Release|iPhone.Deploy.0 = Release|Any CPU
		{8F90F1D8-CB61-4382-93AC-5856A38279F2}.Release|iPhoneSimulator.ActiveCfg = Release|Any CPU
		{8F90F1D8-CB61-4382-93AC-5856A38279F2}.Release|iPhoneSimulator.Build.0 = Release|Any CPU
		{8F90F1D8-CB61-4382-93AC-5856A38279F2}.Release|iPhoneSimulator.Deploy.0 = Release|Any CPU
	EndGlobalSection
	GlobalSection(SolutionProperties) = preSolution
		HideSolutionNode = FALSE
	EndGlobalSection
	GlobalSection(ExtensibilityGlobals) = postSolution
		SolutionGuid = {86DE6D39-486F-4760-A448-F3F1717B010E}
	EndGlobalSection
EndGlobal
